<?xml version="1.0" encoding="utf-8"?>
<Project ToolsVersion="4.0" xmlns="http://schemas.microsoft.com/developer/msbuild/2003">
  <ItemGroup>
    <Filter Include="Source Files">
      <UniqueIdentifier>{4FC737F1-C7A5-4376-A066-2A32D752A2FF}</UniqueIdentifier>
      <Extensions>cpp;c;cc;cxx;def;odl;idl;hpj;bat;asm;asmx</Extensions>
    </Filter>
    <Filter Include="Header Files">
      <UniqueIdentifier>{93995380-89BD-4b04-88EB-625FBE52EBFB}</UniqueIdentifier>
      <Extensions>h;hpp;hxx;hm;inl;inc;xsd</Extensions>
    </Filter>
    <Filter Include="Resource Files">
      <UniqueIdentifier>{67DA6AB6-F800-4c08-8B7A-83BB121AAD01}</UniqueIdentifier>
      <Extensions>rc;ico;cur;bmp;dlg;rc2;rct;bin;rgs;gif;jpg;jpeg;jpe;resx;tiff;tif;png;wav</Extensions>
    </Filter>
  </ItemGroup>
  <ItemGroup>
    <ClCompile Include="DumpException.cpp">
      <Filter>Source Files</Filter>
    </ClCompile>
    <ClCompile Include="Reno.cpp">
      <Filter>Source Files</Filter>
    </ClCompile>
    <ClCompile Include="RenoBuffer.cpp">
      <Filter>Source Files</Filter>
    </ClCompile>
    <ClCompile Include="RenoChatFrame.cpp">
      <Filter>Source Files</Filter>
    </ClCompile>
    <ClCompile Include="RenoChildWnd.cpp">
      <Filter>Source Files</Filter>
    </ClCompile>
    <ClCompile Include="RenoCommand.cpp">
      <Filter>Source Files</Filter>
    </ClCompile>
    <ClCompile Include="RenoCommandFrame.cpp">
      <Filter>Source Files</Filter>
    </ClCompile>
    <ClCompile Include="RenoDebug.cpp">
      <Filter>Source Files</Filter>
    </ClCompile>
    <ClCompile Include="RenoEdit.cpp">
      <Filter>Source Files</Filter>
    </ClCompile>
    <ClCompile Include="RenoGlobals.cpp">
      <Filter>Source Files</Filter>
    </ClCompile>
    <ClCompile Include="RenoMainFrame.cpp">
      <Filter>Source Files</Filter>
    </ClCompile>
    <ClCompile Include="RenoMisc.cpp">
      <Filter>Source Files</Filter>
    </ClCompile>
    <ClCompile Include="RenoSocketApp.cpp">
      <Filter>Source Files</Filter>
    </ClCompile>
    <ClCompile Include="RenoSocketWnd.cpp">
      <Filter>Source Files</Filter>
    </ClCompile>
  </ItemGroup>
  <ItemGroup>
    <ClInclude Include="DumpException.h">
      <Filter>Header Files</Filter>
    </ClInclude>
    <ClInclude Include="Reno.h">
      <Filter>Header Files</Filter>
    </ClInclude>
    <ClInclude Include="RenoBuffer.h">
      <Filter>Header Files</Filter>
    </ClInclude>
    <ClInclude Include="RenoChatFrame.h">
      <Filter>Header Files</Filter>
    </ClInclude>
    <ClInclude Include="RenoChildWnd.h">
      <Filter>Header Files</Filter>
    </ClInclude>
    <ClInclude Include="RenoCommand.h">
      <Filter>Header Files</Filter>
    </ClInclude>
    <ClInclude Include="RenoCommandFrame.h">
      <Filter>Header Files</Filter>
    </ClInclude>
    <ClInclude Include="RenoDebug.h">
      <Filter>Header Files</Filter>
    </ClInclude>
    <ClInclude Include="RenoEdit.h">
      <Filter>Header Files</Filter>
    </ClInclude>
    <ClInclude Include="RenoGlobals.h">
      <Filter>Header Files</Filter>
    </ClInclude>
    <ClInclude Include="RenoIrc.h">
      <Filter>Header Files</Filter>
    </ClInclude>
    <ClInclude Include="RenoMainFrame.h">
      <Filter>Header Files</Filter>
    </ClInclude>
    <ClInclude Include="RenoMisc.h">
      <Filter>Header Files</Filter>
    </ClInclude>
    <ClInclude Include="RenoSocketApp.h">
      <Filter>Header Files</Filter>
    </ClInclude>
    <ClInclude Include="RenoSocketWnd.h">
      <Filter>Header Files</Filter>
    </ClInclude>
    <ClInclude Include="Resource.h">
      <Filter>Header Files</Filter>
    </ClInclude>
  </ItemGroup>
  <ItemGroup>
    <Image Include="Reno.ico">
      <Filter>Resource Files</Filter>
    </Image>
  </ItemGroup>
  <ItemGroup>
    <ResourceCompile Include="Reno.rc">
      <Filter>Resource Files</Filter>
    </ResourceCompile>
  </ItemGroup>
</Project>